
Microsoft Visual Studio Solution File, Format Version 12.00
# Visual Studio 15
VisualStudioVersion = 15.0.27703.2042
MinimumVisualStudioVersion = 10.0.40219.1
Project("{FAE04EC0-301F-11D3-BF4B-00C04F79EFBC}") = "Serial_WinForm", "Serial_WinForm.csproj", "{B51050BD-D181-4957-B823-6D462DACBED4}"
EndProject
Global
	GlobalSection(SolutionConfigurationPlatforms) = preSolution
		Debug|Any CPU = Debug|Any CPU
		Release|Any CPU = Release|Any CPU
	EndGlobalSection
	GlobalSection(ProjectConfigurationPlatforms) = postSolution
		{B51050BD-D181-4957-B823-6D462DACBED4}.Debug|Any CPU.ActiveCfg = Debug|Any CPU
		{B51050BD-D181-4957-B823-6D462DACBED4}.Debug|Any CPU.Build.0 = Debug|Any CPU
		{B51050BD-D181-4957-B823-6D462DACBED4}.Release|Any CPU.ActiveCfg = Release|Any CPU
		{B51050BD-D181-4957-B823-6D462DACBED4}.Release|Any CPU.Build.0 = Release|Any CPU
	EndGlobalSection
	GlobalSection(SolutionProperties) = preSolution
		HideSolutionNode = FALSE
	EndGlobalSection
	GlobalSection(ExtensibilityGlobals) = postSolution
		SolutionGuid = {DC521187-95FE-4A2D-A14E-EBA67A1C9743}
	EndGlobalSection
EndGlobal
